
Microsoft Visual Studio Solution File, Format Version 12.00
# Visual Studio 14
VisualStudioVersion = 14.0.25420.1
MinimumVisualStudioVersion = 10.0.40219.1
Project("{FAE04EC0-301F-11D3-BF4B-00C04F79EFBC}") = "PrismDeFAB", "PrismDeFAB\PrismDeFAB\PrismDeFAB.csproj", "{ADE1CFCF-BD9E-424F-94E7-BDE0D751C1C5}"
EndProject
Project("{FAE04EC0-301F-11D3-BF4B-00C04F79EFBC}") = "PrismDeFAB.Droid", "PrismDeFAB\PrismDeFAB.Droid\PrismDeFAB.Droid.csproj", "{4A94FAB6-E998-40D6-ABDF-7083272358A5}"
EndProject
Project("{FAE04EC0-301F-11D3-BF4B-00C04F79EFBC}") = "PrismDeFAB.iOS", "PrismDeFAB\PrismDeFAB.iOS\PrismDeFAB.iOS.csproj", "{D13BAACA-B75D-4DC0-8DAE-65FB9FB7CC3A}"
EndProject
Global
	GlobalSection(SolutionConfigurationPlatforms) = preSolution
		Ad-Hoc|Any CPU = Ad-Hoc|Any CPU
		Ad-Hoc|iPhone = Ad-Hoc|iPhone
		Ad-Hoc|iPhoneSimulator = Ad-Hoc|iPhoneSimulator
		AppStore|Any CPU = AppStore|Any CPU
		AppStore|iPhone = AppStore|iPhone
		AppStore|iPhoneSimulator = AppStore|iPhoneSimulator
		Debug|Any CPU = Debug|Any CPU
		Debug|iPhone = Debug|iPhone
		Debug|iPhoneSimulator = Debug|iPhoneSimulator
		Release|Any CPU = Release|Any CPU
		Release|iPhone = Release|iPhone
		Release|iPhoneSimulator = Release|iPhoneSimulator
	EndGlobalSection
	GlobalSection(ProjectConfigurationPlatforms) = postSolution
		{ADE1CFCF-BD9E-424F-94E7-BDE0D751C1C5}.Ad-Hoc|Any CPU.ActiveCfg = Release|Any CPU
		{ADE1CFCF-BD9E-424F-94E7-BDE0D751C1C5}.Ad-Hoc|Any CPU.Build.0 = Release|Any CPU
		{ADE1CFCF-BD9E-424F-94E7-BDE0D751C1C5}.Ad-Hoc|iPhone.ActiveCfg = Release|Any CPU
		{ADE1CFCF-BD9E-424F-94E7-BDE0D751C1C5}.Ad-Hoc|iPhone.Build.0 = Release|Any CPU
		{ADE1CFCF-BD9E-424F-94E7-BDE0D751C1C5}.Ad-Hoc|iPhoneSimulator.ActiveCfg = Release|Any CPU
		{ADE1CFCF-BD9E-424F-94E7-BDE0D751C1C5}.Ad-Hoc|iPhoneSimulator.Build.0 = Release|Any CPU
		{ADE1CFCF-BD9E-424F-94E7-BDE0D751C1C5}.AppStore|Any CPU.ActiveCfg = Release|Any CPU
		{ADE1CFCF-BD9E-424F-94E7-BDE0D751C1C5}.AppStore|Any CPU.Build.0 = Release|Any CPU
		{ADE1CFCF-BD9E-424F-94E7-BDE0D751C1C5}.AppStore|iPhone.ActiveCfg = Release|Any CPU
		{ADE1CFCF-BD9E-424F-94E7-BDE0D751C1C5}.AppStore|iPhone.Build.0 = Release|Any CPU
		{ADE1CFCF-BD9E-424F-94E7-BDE0D751C1C5}.AppStore|iPhoneSimulator.ActiveCfg = Release|Any CPU
		{ADE1CFCF-BD9E-424F-94E7-BDE0D751C1C5}.AppStore|iPhoneSimulator.Build.0 = Release|Any CPU
		{ADE1CFCF-BD9E-424F-94E7-BDE0D751C1C5}.Debug|Any CPU.ActiveCfg = Debug|Any CPU
		{ADE1CFCF-BD9E-424F-94E7-BDE0D751C1C5}.Debug|Any CPU.Build.0 = Debug|Any CPU
		{ADE1CFCF-BD9E-424F-94E7-BDE0D751C1C5}.Debug|iPhone.ActiveCfg = Debug|Any CPU
		{ADE1CFCF-BD9E-424F-94E7-BDE0D751C1C5}.Debug|iPhone.Build.0 = Debug|Any CPU
		{ADE1CFCF-BD9E-424F-94E7-BDE0D751C1C5}.Debug|iPhoneSimulator.ActiveCfg = Debug|Any CPU
		{ADE1CFCF-BD9E-424F-94E7-BDE0D751C1C5}.Debug|iPhoneSimulator.Build.0 = Debug|Any CPU
		{ADE1CFCF-BD9E-424F-94E7-BDE0D751C1C5}.Release|Any CPU.ActiveCfg = Release|Any CPU
		{ADE1CFCF-BD9E-424F-94E7-BDE0D751C1C5}.Release|Any CPU.Build.0 = Release|Any CPU
		{ADE1CFCF-BD9E-424F-94E7-BDE0D751C1C5}.Release|iPhone.ActiveCfg = Release|Any CPU
		{ADE1CFCF-BD9E-424F-94E7-BDE0D751C1C5}.Release|iPhone.Build.0 = Release|Any CPU
		{ADE1CFCF-BD9E-424F-94E7-BDE0D751C1C5}.Release|iPhoneSimulator.ActiveCfg = Release|Any CPU
		{ADE1CFCF-BD9E-424F-94E7-BDE0D751C1C5}.Release|iPhoneSimulator.Build.0 = Release|Any CPU
		{4A94FAB6-E998-40D6-ABDF-7083272358A5}.Ad-Hoc|Any CPU.ActiveCfg = Release|Any CPU
		{4A94FAB6-E998-40D6-ABDF-7083272358A5}.Ad-Hoc|Any CPU.Build.0 = Release|Any CPU
		{4A94FAB6-E998-40D6-ABDF-7083272358A5}.Ad-Hoc|Any CPU.Deploy.0 = Release|Any CPU
		{4A94FAB6-E998-40D6-ABDF-7083272358A5}.Ad-Hoc|iPhone.ActiveCfg = Release|Any CPU
		{4A94FAB6-E998-40D6-ABDF-7083272358A5}.Ad-Hoc|iPhone.Build.0 = Release|Any CPU
		{4A94FAB6-E998-40D6-ABDF-7083272358A5}.Ad-Hoc|iPhone.Deploy.0 = Release|Any CPU
		{4A94FAB6-E998-40D6-ABDF-7083272358A5}.Ad-Hoc|iPhoneSimulator.ActiveCfg = Release|Any CPU
		{4A94FAB6-E998-40D6-ABDF-7083272358A5}.Ad-Hoc|iPhoneSimulator.Build.0 = Release|Any CPU
		{4A94FAB6-E998-40D6-ABDF-7083272358A5}.Ad-Hoc|iPhoneSimulator.Deploy.0 = Release|Any CPU
		{4A94FAB6-E998-40D6-ABDF-7083272358A5}.AppStore|Any CPU.ActiveCfg = Release|Any CPU
		{4A94FAB6-E998-40D6-ABDF-7083272358A5}.AppStore|Any CPU.Build.0 = Release|Any CPU
		{4A94FAB6-E998-40D6-ABDF-7083272358A5}.AppStore|Any CPU.Deploy.0 = Release|Any CPU
		{4A94FAB6-E998-40D6-ABDF-7083272358A5}.AppStore|iPhone.ActiveCfg = Release|Any CPU
		{4A94FAB6-E998-40D6-ABDF-7083272358A5}.AppStore|iPhone.Build.0 = Release|Any CPU
		{4A94FAB6-E998-40D6-ABDF-7083272358A5}.AppStore|iPhone.Deploy.0 = Release|Any CPU
		{4A94FAB6-E998-40D6-ABDF-7083272358A5}.AppStore|iPhoneSimulator.ActiveCfg = Release|Any CPU
		{4A94FAB6-E998-40D6-ABDF-7083272358A5}.AppStore|iPhoneSimulator.Build.0 = Release|Any CPU
		{4A94FAB6-E998-40D6-ABDF-7083272358A5}.AppStore|iPhoneSimulator.Deploy.0 = Release|Any CPU
		{4A94FAB6-E998-40D6-ABDF-7083272358A5}.Debug|Any CPU.ActiveCfg = Debug|Any CPU
		{4A94FAB6-E998-40D6-ABDF-7083272358A5}.Debug|Any CPU.Build.0 = Debug|Any CPU
		{4A94FAB6-E998-40D6-ABDF-7083272358A5}.Debug|Any CPU.Deploy.0 = Debug|Any CPU
		{4A94FAB6-E998-40D6-ABDF-7083272358A5}.Debug|iPhone.ActiveCfg = Debug|Any CPU
		{4A94FAB6-E998-40D6-ABDF-7083272358A5}.Debug|iPhone.Build.0 = Debug|Any CPU
		{4A94FAB6-E998-40D6-ABDF-7083272358A5}.Debug|iPhone.Deploy.0 = Debug|Any CPU
		{4A94FAB6-E998-40D6-ABDF-7083272358A5}.Debug|iPhoneSimulator.ActiveCfg = Debug|Any CPU
		{4A94FAB6-E998-40D6-ABDF-7083272358A5}.Debug|iPhoneSimulator.Build.0 = Debug|Any CPU
		{4A94FAB6-E998-40D6-ABDF-7083272358A5}.Debug|iPhoneSimulator.Deploy.0 = Debug|Any CPU
		{4A94FAB6-E998-40D6-ABDF-7083272358A5}.Release|Any CPU.ActiveCfg = Release|Any CPU
		{4A94FAB6-E998-40D6-ABDF-7083272358A5}.Release|Any CPU.Build.0 = Release|Any CPU
		{4A94FAB6-E998-40D6-ABDF-7083272358A5}.Release|Any CPU.Deploy.0 = Release|Any CPU
		{4A94FAB6-E998-40D6-ABDF-7083272358A5}.Release|iPhone.ActiveCfg = Release|Any CPU
		{4A94FAB6-E998-40D6-ABDF-7083272358A5}.Release|iPhone.Build.0 = Release|Any CPU
		{4A94FAB6-E998-40D6-ABDF-7083272358A5}.Release|iPhone.Deploy.0 = Release|Any CPU
		{4A94FAB6-E998-40D6-ABDF-7083272358A5}.Release|iPhoneSimulator.ActiveCfg = Release|Any CPU
		{4A94FAB6-E998-40D6-ABDF-7083272358A5}.Release|iPhoneSimulator.Build.0 = Release|Any CPU
		{4A94FAB6-E998-40D6-ABDF-7083272358A5}.Release|iPhoneSimulator.Deploy.0 = Release|Any CPU
		{D13BAACA-B75D-4DC0-8DAE-65FB9FB7CC3A}.Ad-Hoc|Any CPU.ActiveCfg = Ad-Hoc|iPhone
		{D13BAACA-B75D-4DC0-8DAE-65FB9FB7CC3A}.Ad-Hoc|iPhone.ActiveCfg = Ad-Hoc|iPhone
		{D13BAACA-B75D-4DC0-8DAE-65FB9FB7CC3A}.Ad-Hoc|iPhone.Build.0 = Ad-Hoc|iPhone
		{D13BAACA-B75D-4DC0-8DAE-65FB9FB7CC3A}.Ad-Hoc|iPhoneSimulator.ActiveCfg = Ad-Hoc|iPhoneSimulator
		{D13BAACA-B75D-4DC0-8DAE-65FB9FB7CC3A}.Ad-Hoc|iPhoneSimulator.Build.0 = Ad-Hoc|iPhoneSimulator
		{D13BAACA-B75D-4DC0-8DAE-65FB9FB7CC3A}.AppStore|Any CPU.ActiveCfg = AppStore|iPhone
		{D13BAACA-B75D-4DC0-8DAE-65FB9FB7CC3A}.AppStore|iPhone.ActiveCfg = AppStore|iPhone
		{D13BAACA-B75D-4DC0-8DAE-65FB9FB7CC3A}.AppStore|iPhone.Build.0 = AppStore|iPhone
		{D13BAACA-B75D-4DC0-8DAE-65FB9FB7CC3A}.AppStore|iPhoneSimulator.ActiveCfg = AppStore|iPhoneSimulator
		{D13BAACA-B75D-4DC0-8DAE-65FB9FB7CC3A}.AppStore|iPhoneSimulator.Build.0 = AppStore|iPhoneSimulator
		{D13BAACA-B75D-4DC0-8DAE-65FB9FB7CC3A}.Debug|Any CPU.ActiveCfg = Debug|iPhone
		{D13BAACA-B75D-4DC0-8DAE-65FB9FB7CC3A}.Debug|iPhone.ActiveCfg = Debug|iPhone
		{D13BAACA-B75D-4DC0-8DAE-65FB9FB7CC3A}.Debug|iPhone.Build.0 = Debug|iPhone
		{D13BAACA-B75D-4DC0-8DAE-65FB9FB7CC3A}.Debug|iPhoneSimulator.ActiveCfg = Debug|iPhoneSimulator
		{D13BAACA-B75D-4DC0-8DAE-65FB9FB7CC3A}.Debug|iPhoneSimulator.Build.0 = Debug|iPhoneSimulator
		{D13BAACA-B75D-4DC0-8DAE-65FB9FB7CC3A}.Release|Any CPU.ActiveCfg = Release|iPhone
		{D13BAACA-B75D-4DC0-8DAE-65FB9FB7CC3A}.Release|iPhone.ActiveCfg = Release|iPhone
		{D13BAACA-B75D-4DC0-8DAE-65FB9FB7CC3A}.Release|iPhone.Build.0 = Release|iPhone
		{D13BAACA-B75D-4DC0-8DAE-65FB9FB7CC3A}.Release|iPhoneSimulator.ActiveCfg = Release|iPhoneSimulator
		{D13BAACA-B75D-4DC0-8DAE-65FB9FB7CC3A}.Release|iPhoneSimulator.Build.0 = Release|iPhoneSimulator
	EndGlobalSection
	GlobalSection(SolutionProperties) = preSolution
		HideSolutionNode = FALSE
	EndGlobalSection
EndGlobal
